<?xml version="1.0" encoding="UTF-8"?>
<CodeBlocks_project_file>
	<FileVersion major="1" minor="6"/>
	<Project>
		<Option title="Editor-Texto"/>
		<Option makefile_is_custom="1"/>
		<Option compiler="gcc"/>
		<Option virtualFolders="CMake Files\;CMake Files\..\;CMake Files\..\..\;CMake Files\..\..\AppData\;CMake Files\..\..\AppData\Roaming\;CMake Files\..\..\AppData\Roaming\.emacs.d\;CMake Files\..\..\AppData\Roaming\.emacs.d\path\;CMake Files\..\..\AppData\Roaming\.emacs.d\path\CMake\;CMake Files\..\..\AppData\Roaming\.emacs.d\path\CMake\share\;CMake Files\..\..\AppData\Roaming\.emacs.d\path\CMake\share\cmake-3.7\;CMake Files\..\..\AppData\Roaming\.emacs.d\path\CMake\share\cmake-3.7\Modules\;CMake Files\..\..\AppData\Roaming\.emacs.d\path\CMake\share\cmake-3.7\Modules\Platform\;CMake Files\..\..\AppData\Roaming\.emacs.d\path\CMake\share\cmake-3.7\Modules\Compiler\;"/>
		<Build>
			<Target title="all">
				<Option working_dir="C:/Users/u15194/Desktop/EditorTexto"/>
				<Option type="4"/>
				<MakeCommands>
					<Build command="C:/Users/u15194/AppData/Roaming/.emacs.d/path/MingW/bin/mingw32-make.exe -f &quot;C:/Users/u15194/Desktop/EditorTexto/Makefile&quot;  VERBOSE=1 all"/>
					<CompileFile command="C:/Users/u15194/AppData/Roaming/.emacs.d/path/MingW/bin/mingw32-make.exe -f &quot;C:/Users/u15194/Desktop/EditorTexto/Makefile&quot;  VERBOSE=1 &quot;$file&quot;"/>
					<Clean command="C:/Users/u15194/AppData/Roaming/.emacs.d/path/MingW/bin/mingw32-make.exe -f &quot;C:/Users/u15194/Desktop/EditorTexto/Makefile&quot;  VERBOSE=1 clean"/>
					<DistClean command="C:/Users/u15194/AppData/Roaming/.emacs.d/path/MingW/bin/mingw32-make.exe -f &quot;C:/Users/u15194/Desktop/EditorTexto/Makefile&quot;  VERBOSE=1 clean"/>
				</MakeCommands>
			</Target>
			<Target title="Editor_Texto">
				<Option output="C:/Users/u15194/Desktop/EditorTexto/Editor_Texto.exe" prefix_auto="0" extension_auto="0"/>
				<Option working_dir=""/>
				<Option object_output="./"/>
				<Option type="1"/>
				<Option compiler="gcc"/>
				<Compiler>
					<Add directory="C:/Users/u15194/Desktop/EditorTexto/header"/>
					<Add directory="C:/Users/u15194/Desktop/EditorTexto/src"/>
				</Compiler>
				<MakeCommands>
					<Build command="C:/Users/u15194/AppData/Roaming/.emacs.d/path/MingW/bin/mingw32-make.exe -f &quot;C:/Users/u15194/Desktop/EditorTexto/Makefile&quot;  VERBOSE=1 Editor_Texto"/>
					<CompileFile command="C:/Users/u15194/AppData/Roaming/.emacs.d/path/MingW/bin/mingw32-make.exe -f &quot;C:/Users/u15194/Desktop/EditorTexto/Makefile&quot;  VERBOSE=1 &quot;$file&quot;"/>
					<Clean command="C:/Users/u15194/AppData/Roaming/.emacs.d/path/MingW/bin/mingw32-make.exe -f &quot;C:/Users/u15194/Desktop/EditorTexto/Makefile&quot;  VERBOSE=1 clean"/>
					<DistClean command="C:/Users/u15194/AppData/Roaming/.emacs.d/path/MingW/bin/mingw32-make.exe -f &quot;C:/Users/u15194/Desktop/EditorTexto/Makefile&quot;  VERBOSE=1 clean"/>
				</MakeCommands>
			</Target>
			<Target title="Editor_Texto/fast">
				<Option output="C:/Users/u15194/Desktop/EditorTexto/Editor_Texto.exe" prefix_auto="0" extension_auto="0"/>
				<Option working_dir=""/>
				<Option object_output="./"/>
				<Option type="1"/>
				<Option compiler="gcc"/>
				<Compiler>
					<Add directory="C:/Users/u15194/Desktop/EditorTexto/header"/>
					<Add directory="C:/Users/u15194/Desktop/EditorTexto/src"/>
				</Compiler>
				<MakeCommands>
					<Build command="C:/Users/u15194/AppData/Roaming/.emacs.d/path/MingW/bin/mingw32-make.exe -f &quot;C:/Users/u15194/Desktop/EditorTexto/Makefile&quot;  VERBOSE=1 Editor_Texto/fast"/>
					<CompileFile command="C:/Users/u15194/AppData/Roaming/.emacs.d/path/MingW/bin/mingw32-make.exe -f &quot;C:/Users/u15194/Desktop/EditorTexto/Makefile&quot;  VERBOSE=1 &quot;$file&quot;"/>
					<Clean command="C:/Users/u15194/AppData/Roaming/.emacs.d/path/MingW/bin/mingw32-make.exe -f &quot;C:/Users/u15194/Desktop/EditorTexto/Makefile&quot;  VERBOSE=1 clean"/>
					<DistClean command="C:/Users/u15194/AppData/Roaming/.emacs.d/path/MingW/bin/mingw32-make.exe -f &quot;C:/Users/u15194/Desktop/EditorTexto/Makefile&quot;  VERBOSE=1 clean"/>
				</MakeCommands>
			</Target>
			<Target title="edit_cache">
				<Option working_dir="C:/Users/u15194/Desktop/EditorTexto"/>
				<Option type="4"/>
				<MakeCommands>
					<Build command="C:/Users/u15194/AppData/Roaming/.emacs.d/path/MingW/bin/mingw32-make.exe -f &quot;C:/Users/u15194/Desktop/EditorTexto/Makefile&quot;  VERBOSE=1 edit_cache"/>
					<CompileFile command="C:/Users/u15194/AppData/Roaming/.emacs.d/path/MingW/bin/mingw32-make.exe -f &quot;C:/Users/u15194/Desktop/EditorTexto/Makefile&quot;  VERBOSE=1 &quot;$file&quot;"/>
					<Clean command="C:/Users/u15194/AppData/Roaming/.emacs.d/path/MingW/bin/mingw32-make.exe -f &quot;C:/Users/u15194/Desktop/EditorTexto/Makefile&quot;  VERBOSE=1 clean"/>
					<DistClean command="C:/Users/u15194/AppData/Roaming/.emacs.d/path/MingW/bin/mingw32-make.exe -f &quot;C:/Users/u15194/Desktop/EditorTexto/Makefile&quot;  VERBOSE=1 clean"/>
				</MakeCommands>
			</Target>
			<Target title="rebuild_cache">
				<Option working_dir="C:/Users/u15194/Desktop/EditorTexto"/>
				<Option type="4"/>
				<MakeCommands>
					<Build command="C:/Users/u15194/AppData/Roaming/.emacs.d/path/MingW/bin/mingw32-make.exe -f &quot;C:/Users/u15194/Desktop/EditorTexto/Makefile&quot;  VERBOSE=1 rebuild_cache"/>
					<CompileFile command="C:/Users/u15194/AppData/Roaming/.emacs.d/path/MingW/bin/mingw32-make.exe -f &quot;C:/Users/u15194/Desktop/EditorTexto/Makefile&quot;  VERBOSE=1 &quot;$file&quot;"/>
					<Clean command="C:/Users/u15194/AppData/Roaming/.emacs.d/path/MingW/bin/mingw32-make.exe -f &quot;C:/Users/u15194/Desktop/EditorTexto/Makefile&quot;  VERBOSE=1 clean"/>
					<DistClean command="C:/Users/u15194/AppData/Roaming/.emacs.d/path/MingW/bin/mingw32-make.exe -f &quot;C:/Users/u15194/Desktop/EditorTexto/Makefile&quot;  VERBOSE=1 clean"/>
				</MakeCommands>
			</Target>
		</Build>
		<Unit filename="C:/Users/u15194/Desktop/EditorTexto/main.cpp">
			<Option target="Editor_Texto"/>
		</Unit>
		<Unit filename="C:/Users/u15194/Desktop/EditorTexto/CMakeLists.txt">
			<Option virtualFolder="CMake Files\"/>
		</Unit>
		<Unit filename="C:/Users/u15194/Desktop/EditorTexto/../../AppData/Roaming/.emacs.d/path/CMake/share/cmake-3.7/Modules/CMakeSystemSpecificInitialize.cmake">
			<Option virtualFolder="CMake Files\..\..\AppData\Roaming\.emacs.d\path\CMake\share\cmake-3.7\Modules\"/>
		</Unit>
		<Unit filename="C:/Users/u15194/Desktop/EditorTexto/../../AppData/Roaming/.emacs.d/path/CMake/share/cmake-3.7/Modules/CMakeSystemSpecificInformation.cmake">
			<Option virtualFolder="CMake Files\..\..\AppData\Roaming\.emacs.d\path\CMake\share\cmake-3.7\Modules\"/>
		</Unit>
		<Unit filename="C:/Users/u15194/Desktop/EditorTexto/../../AppData/Roaming/.emacs.d/path/CMake/share/cmake-3.7/Modules/CMakeGenericSystem.cmake">
			<Option virtualFolder="CMake Files\..\..\AppData\Roaming\.emacs.d\path\CMake\share\cmake-3.7\Modules\"/>
		</Unit>
		<Unit filename="C:/Users/u15194/Desktop/EditorTexto/../../AppData/Roaming/.emacs.d/path/CMake/share/cmake-3.7/Modules/CMakeCInformation.cmake">
			<Option virtualFolder="CMake Files\..\..\AppData\Roaming\.emacs.d\path\CMake\share\cmake-3.7\Modules\"/>
		</Unit>
		<Unit filename="C:/Users/u15194/Desktop/EditorTexto/../../AppData/Roaming/.emacs.d/path/CMake/share/cmake-3.7/Modules/CMakeLanguageInformation.cmake">
			<Option virtualFolder="CMake Files\..\..\AppData\Roaming\.emacs.d\path\CMake\share\cmake-3.7\Modules\"/>
		</Unit>
		<Unit filename="C:/Users/u15194/Desktop/EditorTexto/../../AppData/Roaming/.emacs.d/path/CMake/share/cmake-3.7/Modules/CMakeRCInformation.cmake">
			<Option virtualFolder="CMake Files\..\..\AppData\Roaming\.emacs.d\path\CMake\share\cmake-3.7\Modules\"/>
		</Unit>
		<Unit filename="C:/Users/u15194/Desktop/EditorTexto/../../AppData/Roaming/.emacs.d/path/CMake/share/cmake-3.7/Modules/CMakeCommonLanguageInclude.cmake">
			<Option virtualFolder="CMake Files\..\..\AppData\Roaming\.emacs.d\path\CMake\share\cmake-3.7\Modules\"/>
		</Unit>
		<Unit filename="C:/Users/u15194/Desktop/EditorTexto/../../AppData/Roaming/.emacs.d/path/CMake/share/cmake-3.7/Modules/CMakeCXXInformation.cmake">
			<Option virtualFolder="CMake Files\..\..\AppData\Roaming\.emacs.d\path\CMake\share\cmake-3.7\Modules\"/>
		</Unit>
		<Unit filename="C:/Users/u15194/Desktop/EditorTexto/../../AppData/Roaming/.emacs.d/path/CMake/share/cmake-3.7/Modules/CMakeLanguageInformation.cmake">
			<Option virtualFolder="CMake Files\..\..\AppData\Roaming\.emacs.d\path\CMake\share\cmake-3.7\Modules\"/>
		</Unit>
		<Unit filename="C:/Users/u15194/Desktop/EditorTexto/../../AppData/Roaming/.emacs.d/path/CMake/share/cmake-3.7/Modules/CMakeCommonLanguageInclude.cmake">
			<Option virtualFolder="CMake Files\..\..\AppData\Roaming\.emacs.d\path\CMake\share\cmake-3.7\Modules\"/>
		</Unit>
		<Unit filename="C:/Users/u15194/Desktop/EditorTexto/../../AppData/Roaming/.emacs.d/path/CMake/share/cmake-3.7/Modules/Platform/Windows.cmake">
			<Option virtualFolder="CMake Files\..\..\AppData\Roaming\.emacs.d\path\CMake\share\cmake-3.7\Modules\Platform\"/>
		</Unit>
		<Unit filename="C:/Users/u15194/Desktop/EditorTexto/../../AppData/Roaming/.emacs.d/path/CMake/share/cmake-3.7/Modules/Platform/WindowsPaths.cmake">
			<Option virtualFolder="CMake Files\..\..\AppData\Roaming\.emacs.d\path\CMake\share\cmake-3.7\Modules\Platform\"/>
		</Unit>
		<Unit filename="C:/Users/u15194/Desktop/EditorTexto/../../AppData/Roaming/.emacs.d/path/CMake/share/cmake-3.7/Modules/Platform/Windows-GNU-C.cmake">
			<Option virtualFolder="CMake Files\..\..\AppData\Roaming\.emacs.d\path\CMake\share\cmake-3.7\Modules\Platform\"/>
		</Unit>
		<Unit filename="C:/Users/u15194/Desktop/EditorTexto/../../AppData/Roaming/.emacs.d/path/CMake/share/cmake-3.7/Modules/Platform/Windows-GNU.cmake">
			<Option virtualFolder="CMake Files\..\..\AppData\Roaming\.emacs.d\path\CMake\share\cmake-3.7\Modules\Platform\"/>
		</Unit>
		<Unit filename="C:/Users/u15194/Desktop/EditorTexto/../../AppData/Roaming/.emacs.d/path/CMake/share/cmake-3.7/Modules/Platform/Windows-windres.cmake">
			<Option virtualFolder="CMake Files\..\..\AppData\Roaming\.emacs.d\path\CMake\share\cmake-3.7\Modules\Platform\"/>
		</Unit>
		<Unit filename="C:/Users/u15194/Desktop/EditorTexto/../../AppData/Roaming/.emacs.d/path/CMake/share/cmake-3.7/Modules/Platform/Windows-GNU-C-ABI.cmake">
			<Option virtualFolder="CMake Files\..\..\AppData\Roaming\.emacs.d\path\CMake\share\cmake-3.7\Modules\Platform\"/>
		</Unit>
		<Unit filename="C:/Users/u15194/Desktop/EditorTexto/../../AppData/Roaming/.emacs.d/path/CMake/share/cmake-3.7/Modules/Platform/Windows-GNU-CXX.cmake">
			<Option virtualFolder="CMake Files\..\..\AppData\Roaming\.emacs.d\path\CMake\share\cmake-3.7\Modules\Platform\"/>
		</Unit>
		<Unit filename="C:/Users/u15194/Desktop/EditorTexto/../../AppData/Roaming/.emacs.d/path/CMake/share/cmake-3.7/Modules/Platform/Windows-GNU.cmake">
			<Option virtualFolder="CMake Files\..\..\AppData\Roaming\.emacs.d\path\CMake\share\cmake-3.7\Modules\Platform\"/>
		</Unit>
		<Unit filename="C:/Users/u15194/Desktop/EditorTexto/../../AppData/Roaming/.emacs.d/path/CMake/share/cmake-3.7/Modules/Platform/Windows-GNU-CXX-ABI.cmake">
			<Option virtualFolder="CMake Files\..\..\AppData\Roaming\.emacs.d\path\CMake\share\cmake-3.7\Modules\Platform\"/>
		</Unit>
		<Unit filename="C:/Users/u15194/Desktop/EditorTexto/../../AppData/Roaming/.emacs.d/path/CMake/share/cmake-3.7/Modules/Compiler/GNU-C.cmake">
			<Option virtualFolder="CMake Files\..\..\AppData\Roaming\.emacs.d\path\CMake\share\cmake-3.7\Modules\Compiler\"/>
		</Unit>
		<Unit filename="C:/Users/u15194/Desktop/EditorTexto/../../AppData/Roaming/.emacs.d/path/CMake/share/cmake-3.7/Modules/Compiler/GNU.cmake">
			<Option virtualFolder="CMake Files\..\..\AppData\Roaming\.emacs.d\path\CMake\share\cmake-3.7\Modules\Compiler\"/>
		</Unit>
		<Unit filename="C:/Users/u15194/Desktop/EditorTexto/../../AppData/Roaming/.emacs.d/path/CMake/share/cmake-3.7/Modules/Compiler/GNU-CXX.cmake">
			<Option virtualFolder="CMake Files\..\..\AppData\Roaming\.emacs.d\path\CMake\share\cmake-3.7\Modules\Compiler\"/>
		</Unit>
		<Unit filename="C:/Users/u15194/Desktop/EditorTexto/../../AppData/Roaming/.emacs.d/path/CMake/share/cmake-3.7/Modules/Compiler/GNU.cmake">
			<Option virtualFolder="CMake Files\..\..\AppData\Roaming\.emacs.d\path\CMake\share\cmake-3.7\Modules\Compiler\"/>
		</Unit>
	</Project>
</CodeBlocks_project_file>
