<?xml version="1.0" encoding="UTF-8"?>
<Project ToolsVersion="12.0" xmlns="http://schemas.microsoft.com/developer/msbuild/2003">
  <ItemGroup>
    <ClCompile Include="F:\EditorTexto\src\MyString.cpp">
      <Filter>Source Files</Filter>
    </ClCompile>
    <ClCompile Include="F:\EditorTexto\src\Buffer.cpp">
      <Filter>Source Files</Filter>
    </ClCompile>
    <ClCompile Include="F:\EditorTexto\src\KeyResolver.cpp">
      <Filter>Source Files</Filter>
    </ClCompile>
    <ClCompile Include="F:\EditorTexto\include\conio.c">
      <Filter>Source Files</Filter>
    </ClCompile>
  </ItemGroup>
  <ItemGroup>
    <ClInclude Include="F:\EditorTexto\header\ListaSimples.h">
      <Filter>Header Files</Filter>
    </ClInclude>
    <ClInclude Include="F:\EditorTexto\header\ListaCD.h">
      <Filter>Header Files</Filter>
    </ClInclude>
    <ClInclude Include="F:\EditorTexto\header\MyString.h">
      <Filter>Header Files</Filter>
    </ClInclude>
    <ClInclude Include="F:\EditorTexto\header\Pilha.h">
      <Filter>Header Files</Filter>
    </ClInclude>
    <ClInclude Include="F:\EditorTexto\header\Buffer.h">
      <Filter>Header Files</Filter>
    </ClInclude>
    <ClInclude Include="F:\EditorTexto\header\KeyResolver.h">
      <Filter>Header Files</Filter>
    </ClInclude>
    <ClInclude Include="F:\EditorTexto\header\Misc.h">
      <Filter>Header Files</Filter>
    </ClInclude>
    <ClInclude Include="F:\EditorTexto\include\conio2.h">
      <Filter>Header Files</Filter>
    </ClInclude>
  </ItemGroup>
  <ItemGroup>
    <CustomBuild Include="F:\EditorTexto\CMakeLists.txt" />
  </ItemGroup>
  <ItemGroup>
    <Filter Include="Source Files">
      <UniqueIdentifier>{8E4C0985-19CE-3DBB-B927-DAE3640379FB}</UniqueIdentifier>
    </Filter>
    <Filter Include="Header Files">
      <UniqueIdentifier>{CFE8ABC1-BA4E-3D6F-9018-40BB3D937213}</UniqueIdentifier>
    </Filter>
  </ItemGroup>
</Project>
